// !$*UTF8*$!
{
	archiveVersion = 1;
	classes = {
	};
	objectVersion = 55;
	objects = {

/* Begin PBXBuildFile section */
		8847450B29252E9C00C79058 /* AppDelegate.swift in Sources */ = {isa = PBXBuildFile; fileRef = 8847450A29252E9C00C79058 /* AppDelegate.swift */; };
		8847450D29252E9C00C79058 /* SceneDelegate.swift in Sources */ = {isa = PBXBuildFile; fileRef = 8847450C29252E9C00C79058 /* SceneDelegate.swift */; };
		8847450F29252E9C00C79058 /* ViewController.swift in Sources */ = {isa = PBXBuildFile; fileRef = 8847450E29252E9C00C79058 /* ViewController.swift */; };
		8847451229252E9C00C79058 /* Main.storyboard in Resources */ = {isa = PBXBuildFile; fileRef = 8847451029252E9C00C79058 /* Main.storyboard */; };
		8847451429252E9D00C79058 /* Assets.xcassets in Resources */ = {isa = PBXBuildFile; fileRef = 8847451329252E9D00C79058 /* Assets.xcassets */; };
		8847451729252E9D00C79058 /* LaunchScreen.storyboard in Resources */ = {isa = PBXBuildFile; fileRef = 8847451529252E9D00C79058 /* LaunchScreen.storyboard */; };
		8847452029252F7900C79058 /* Alamofire in Frameworks */ = {isa = PBXBuildFile; productRef = 8847451F29252F7900C79058 /* Alamofire */; };
		8847452329252FF400C79058 /* Charts in Frameworks */ = {isa = PBXBuildFile; productRef = 8847452229252FF400C79058 /* Charts */; };
		88474525292670FF00C79058 /* CovidDetailViewController.swift in Sources */ = {isa = PBXBuildFile; fileRef = 88474524292670FF00C79058 /* CovidDetailViewController.swift */; };
		8847452729267DF600C79058 /* CityCovidOverView.swift in Sources */ = {isa = PBXBuildFile; fileRef = 8847452629267DF600C79058 /* CityCovidOverView.swift */; };
/* End PBXBuildFile section */

/* Begin PBXFileReference section */
		8847450729252E9C00C79058 /* StatementCOVID19(Korea).app */ = {isa = PBXFileReference; explicitFileType = wrapper.application; includeInIndex = 0; path = "StatementCOVID19(Korea).app"; sourceTree = BUILT_PRODUCTS_DIR; };
		8847450A29252E9C00C79058 /* AppDelegate.swift */ = {isa = PBXFileReference; lastKnownFileType = sourcecode.swift; path = AppDelegate.swift; sourceTree = "<group>"; };
		8847450C29252E9C00C79058 /* SceneDelegate.swift */ = {isa = PBXFileReference; lastKnownFileType = sourcecode.swift; path = SceneDelegate.swift; sourceTree = "<group>"; };
		8847450E29252E9C00C79058 /* ViewController.swift */ = {isa = PBXFileReference; lastKnownFileType = sourcecode.swift; path = ViewController.swift; sourceTree = "<group>"; };
		8847451129252E9C00C79058 /* Base */ = {isa = PBXFileReference; lastKnownFileType = file.storyboard; name = Base; path = Base.lproj/Main.storyboard; sourceTree = "<group>"; };
		8847451329252E9D00C79058 /* Assets.xcassets */ = {isa = PBXFileReference; lastKnownFileType = folder.assetcatalog; path = Assets.xcassets; sourceTree = "<group>"; };
		8847451629252E9D00C79058 /* Base */ = {isa = PBXFileReference; lastKnownFileType = file.storyboard; name = Base; path = Base.lproj/LaunchScreen.storyboard; sourceTree = "<group>"; };
		8847451829252E9D00C79058 /* Info.plist */ = {isa = PBXFileReference; lastKnownFileType = text.plist.xml; path = Info.plist; sourceTree = "<group>"; };
		88474524292670FF00C79058 /* CovidDetailViewController.swift */ = {isa = PBXFileReference; lastKnownFileType = sourcecode.swift; path = CovidDetailViewController.swift; sourceTree = "<group>"; };
		8847452629267DF600C79058 /* CityCovidOverView.swift */ = {isa = PBXFileReference; lastKnownFileType = sourcecode.swift; path = CityCovidOverView.swift; sourceTree = "<group>"; };
/* End PBXFileReference section */

/* Begin PBXFrameworksBuildPhase section */
		8847450429252E9C00C79058 /* Frameworks */ = {
			isa = PBXFrameworksBuildPhase;
			buildActionMask = 2147483647;
			files = (
				8847452029252F7900C79058 /* Alamofire in Frameworks */,
				8847452329252FF400C79058 /* Charts in Frameworks */,
			);
			runOnlyForDeploymentPostprocessing = 0;
		};
/* End PBXFrameworksBuildPhase section */

/* Begin PBXGroup section */
		884744FE29252E9C00C79058 = {
			isa = PBXGroup;
			children = (
				8847450929252E9C00C79058 /* StatementCOVID19(Korea) */,
				8847450829252E9C00C79058 /* Products */,
			);
			sourceTree = "<group>";
		};
		8847450829252E9C00C79058 /* Products */ = {
			isa = PBXGroup;
			children = (
				8847450729252E9C00C79058 /* StatementCOVID19(Korea).app */,
			);
			name = Products;
			sourceTree = "<group>";
		};
		8847450929252E9C00C79058 /* StatementCOVID19(Korea) */ = {
			isa = PBXGroup;
			children = (
				8847450A29252E9C00C79058 /* AppDelegate.swift */,
				8847450C29252E9C00C79058 /* SceneDelegate.swift */,
				8847450E29252E9C00C79058 /* ViewController.swift */,
				8847451029252E9C00C79058 /* Main.storyboard */,
				8847452629267DF600C79058 /* CityCovidOverView.swift */,
				88474524292670FF00C79058 /* CovidDetailViewController.swift */,
				8847451329252E9D00C79058 /* Assets.xcassets */,
				8847451529252E9D00C79058 /* LaunchScreen.storyboard */,
				8847451829252E9D00C79058 /* Info.plist */,
			);
			path = "StatementCOVID19(Korea)";
			sourceTree = "<group>";
		};
/* End PBXGroup section */

/* Begin PBXNativeTarget section */
		8847450629252E9C00C79058 /* StatementCOVID19(Korea) */ = {
			isa = PBXNativeTarget;
			buildConfigurationList = 8847451B29252E9D00C79058 /* Build configuration list for PBXNativeTarget "StatementCOVID19(Korea)" */;
			buildPhases = (
				8847450329252E9C00C79058 /* Sources */,
				8847450429252E9C00C79058 /* Frameworks */,
				8847450529252E9C00C79058 /* Resources */,
			);
			buildRules = (
			);
			dependencies = (
			);
			name = "StatementCOVID19(Korea)";
			packageProductDependencies = (
				8847451F29252F7900C79058 /* Alamofire */,
				8847452229252FF400C79058 /* Charts */,
			);
			productName = "StatementCOVID19(Korea)";
			productReference = 8847450729252E9C00C79058 /* StatementCOVID19(Korea).app */;
			productType = "com.apple.product-type.application";
		};
/* End PBXNativeTarget section */

/* Begin PBXProject section */
		884744FF29252E9C00C79058 /* Project object */ = {
			isa = PBXProject;
			attributes = {
				BuildIndependentTargetsInParallel = 1;
				LastSwiftUpdateCheck = 1340;
				LastUpgradeCheck = 1340;
				TargetAttributes = {
					8847450629252E9C00C79058 = {
						CreatedOnToolsVersion = 13.4.1;
					};
				};
			};
			buildConfigurationList = 8847450229252E9C00C79058 /* Build configuration list for PBXProject "StatementCOVID19(Korea)" */;
			compatibilityVersion = "Xcode 13.0";
			developmentRegion = en;
			hasScannedForEncodings = 0;
			knownRegions = (
				en,
				Base,
			);
			mainGroup = 884744FE29252E9C00C79058;
			packageReferences = (
				8847451E29252F7900C79058 /* XCRemoteSwiftPackageReference "Alamofire" */,
				8847452129252FF400C79058 /* XCRemoteSwiftPackageReference "Charts" */,
			);
			productRefGroup = 8847450829252E9C00C79058 /* Products */;
			projectDirPath = "";
			projectRoot = "";
			targets = (
				8847450629252E9C00C79058 /* StatementCOVID19(Korea) */,
			);
		};
/* End PBXProject section */

/* Begin PBXResourcesBuildPhase section */
		8847450529252E9C00C79058 /* Resources */ = {
			isa = PBXResourcesBuildPhase;
			buildActionMask = 2147483647;
			files = (
				8847451729252E9D00C79058 /* LaunchScreen.storyboard in Resources */,
				8847451429252E9D00C79058 /* Assets.xcassets in Resources */,
				8847451229252E9C00C79058 /* Main.storyboard in Resources */,
			);
			runOnlyForDeploymentPostprocessing = 0;
		};
/* End PBXResourcesBuildPhase section */

/* Begin PBXSourcesBuildPhase section */
		8847450329252E9C00C79058 /* Sources */ = {
			isa = PBXSourcesBuildPhase;
			buildActionMask = 2147483647;
			files = (
				8847450F29252E9C00C79058 /* ViewController.swift in Sources */,
				88474525292670FF00C79058 /* CovidDetailViewController.swift in Sources */,
				8847452729267DF600C79058 /* CityCovidOverView.swift in Sources */,
				8847450B29252E9C00C79058 /* AppDelegate.swift in Sources */,
				8847450D29252E9C00C79058 /* SceneDelegate.swift in Sources */,
			);
			runOnlyForDeploymentPostprocessing = 0;
		};
/* End PBXSourcesBuildPhase section */

/* Begin PBXVariantGroup section */
		8847451029252E9C00C79058 /* Main.storyboard */ = {
			isa = PBXVariantGroup;
			children = (
				8847451129252E9C00C79058 /* Base */,
			);
			name = Main.storyboard;
			sourceTree = "<group>";
		};
		8847451529252E9D00C79058 /* LaunchScreen.storyboard */ = {
			isa = PBXVariantGroup;
			children = (
				8847451629252E9D00C79058 /* Base */,
			);
			name = LaunchScreen.storyboard;
			sourceTree = "<group>";
		};
/* End PBXVariantGroup section */

/* Begin XCBuildConfiguration section */
		8847451929252E9D00C79058 /* Debug */ = {
			isa = XCBuildConfiguration;
			buildSettings = {
				ALWAYS_SEARCH_USER_PATHS = NO;
				CLANG_ANALYZER_NONNULL = YES;
				CLANG_ANALYZER_NUMBER_OBJECT_CONVERSION = YES_AGGRESSIVE;
				CLANG_CXX_LANGUAGE_STANDARD = "gnu++17";
				CLANG_ENABLE_MODULES = YES;
				CLANG_ENABLE_OBJC_ARC = YES;
				CLANG_ENABLE_OBJC_WEAK = YES;
				CLANG_WARN_BLOCK_CAPTURE_AUTORELEASING = YES;
				CLANG_WARN_BOOL_CONVERSION = YES;
				CLANG_WARN_COMMA = YES;
				CLANG_WARN_CONSTANT_CONVERSION = YES;
				CLANG_WARN_DEPRECATED_OBJC_IMPLEMENTATIONS = YES;
				CLANG_WARN_DIRECT_OBJC_ISA_USAGE = YES_ERROR;
				CLANG_WARN_DOCUMENTATION_COMMENTS = YES;
				CLANG_WARN_EMPTY_BODY = YES;
				CLANG_WARN_ENUM_CONVERSION = YES;
				CLANG_WARN_INFINITE_RECURSION = YES;
				CLANG_WARN_INT_CONVERSION = YES;
				CLANG_WARN_NON_LITERAL_NULL_CONVERSION = YES;
				CLANG_WARN_OBJC_IMPLICIT_RETAIN_SELF = YES;
				CLANG_WARN_OBJC_LITERAL_CONVERSION = YES;
				CLANG_WARN_OBJC_ROOT_CLASS = YES_ERROR;
				CLANG_WARN_QUOTED_INCLUDE_IN_FRAMEWORK_HEADER = YES;
				CLANG_WARN_RANGE_LOOP_ANALYSIS = YES;
				CLANG_WARN_STRICT_PROTOTYPES = YES;
				CLANG_WARN_SUSPICIOUS_MOVE = YES;
				CLANG_WARN_UNGUARDED_AVAILABILITY = YES_AGGRESSIVE;
				CLANG_WARN_UNREACHABLE_CODE = YES;
				CLANG_WARN__DUPLICATE_METHOD_MATCH = YES;
				COPY_PHASE_STRIP = NO;
				DEBUG_INFORMATION_FORMAT = dwarf;
				ENABLE_STRICT_OBJC_MSGSEND = YES;
				ENABLE_TESTABILITY = YES;
				GCC_C_LANGUAGE_STANDARD = gnu11;
				GCC_DYNAMIC_NO_PIC = NO;
				GCC_NO_COMMON_BLOCKS = YES;
				GCC_OPTIMIZATION_LEVEL = 0;
				GCC_PREPROCESSOR_DEFINITIONS = (
					"DEBUG=1",
					"$(inherited)",
				);
				GCC_WARN_64_TO_32_BIT_CONVERSION = YES;
				GCC_WARN_ABOUT_RETURN_TYPE = YES_ERROR;
				GCC_WARN_UNDECLARED_SELECTOR = YES;
				GCC_WARN_UNINITIALIZED_AUTOS = YES_AGGRESSIVE;
				GCC_WARN_UNUSED_FUNCTION = YES;
				GCC_WARN_UNUSED_VARIABLE = YES;
				IPHONEOS_DEPLOYMENT_TARGET = 15.5;
				MTL_ENABLE_DEBUG_INFO = INCLUDE_SOURCE;
				MTL_FAST_MATH = YES;
				ONLY_ACTIVE_ARCH = YES;
				SDKROOT = iphoneos;
				SWIFT_ACTIVE_COMPILATION_CONDITIONS = DEBUG;
				SWIFT_OPTIMIZATION_LEVEL = "-Onone";
			};
			name = Debug;
		};
		8847451A29252E9D00C79058 /* Release */ = {
			isa = XCBuildConfiguration;
			buildSettings = {
				ALWAYS_SEARCH_USER_PATHS = NO;
				CLANG_ANALYZER_NONNULL = YES;
				CLANG_ANALYZER_NUMBER_OBJECT_CONVERSION = YES_AGGRESSIVE;
				CLANG_CXX_LANGUAGE_STANDARD = "gnu++17";
				CLANG_ENABLE_MODULES = YES;
				CLANG_ENABLE_OBJC_ARC = YES;
				CLANG_ENABLE_OBJC_WEAK = YES;
				CLANG_WARN_BLOCK_CAPTURE_AUTORELEASING = YES;
				CLANG_WARN_BOOL_CONVERSION = YES;
				CLANG_WARN_COMMA = YES;
				CLANG_WARN_CONSTANT_CONVERSION = YES;
				CLANG_WARN_DEPRECATED_OBJC_IMPLEMENTATIONS = YES;
				CLANG_WARN_DIRECT_OBJC_ISA_USAGE = YES_ERROR;
				CLANG_WARN_DOCUMENTATION_COMMENTS = YES;
				CLANG_WARN_EMPTY_BODY = YES;
				CLANG_WARN_ENUM_CONVERSION = YES;
				CLANG_WARN_INFINITE_RECURSION = YES;
				CLANG_WARN_INT_CONVERSION = YES;
				CLANG_WARN_NON_LITERAL_NULL_CONVERSION = YES;
				CLANG_WARN_OBJC_IMPLICIT_RETAIN_SELF = YES;
				CLANG_WARN_OBJC_LITERAL_CONVERSION = YES;
				CLANG_WARN_OBJC_ROOT_CLASS = YES_ERROR;
				CLANG_WARN_QUOTED_INCLUDE_IN_FRAMEWORK_HEADER = YES;
				CLANG_WARN_RANGE_LOOP_ANALYSIS = YES;
				CLANG_WARN_STRICT_PROTOTYPES = YES;
				CLANG_WARN_SUSPICIOUS_MOVE = YES;
				CLANG_WARN_UNGUARDED_AVAILABILITY = YES_AGGRESSIVE;
				CLANG_WARN_UNREACHABLE_CODE = YES;
				CLANG_WARN__DUPLICATE_METHOD_MATCH = YES;
				COPY_PHASE_STRIP = NO;
				DEBUG_INFORMATION_FORMAT = "dwarf-with-dsym";
				ENABLE_NS_ASSERTIONS = NO;
				ENABLE_STRICT_OBJC_MSGSEND = YES;
				GCC_C_LANGUAGE_STANDARD = gnu11;
				GCC_NO_COMMON_BLOCKS = YES;
				GCC_WARN_64_TO_32_BIT_CONVERSION = YES;
				GCC_WARN_ABOUT_RETURN_TYPE = YES_ERROR;
				GCC_WARN_UNDECLARED_SELECTOR = YES;
				GCC_WARN_UNINITIALIZED_AUTOS = YES_AGGRESSIVE;
				GCC_WARN_UNUSED_FUNCTION = YES;
				GCC_WARN_UNUSED_VARIABLE = YES;
				IPHONEOS_DEPLOYMENT_TARGET = 15.5;
				MTL_ENABLE_DEBUG_INFO = NO;
				MTL_FAST_MATH = YES;
				SDKROOT = iphoneos;
				SWIFT_COMPILATION_MODE = wholemodule;
				SWIFT_OPTIMIZATION_LEVEL = "-O";
				VALIDATE_PRODUCT = YES;
			};
			name = Release;
		};
		8847451C29252E9D00C79058 /* Debug */ = {
			isa = XCBuildConfiguration;
			buildSettings = {
				ASSETCATALOG_COMPILER_APPICON_NAME = AppIcon;
				ASSETCATALOG_COMPILER_GLOBAL_ACCENT_COLOR_NAME = AccentColor;
				CODE_SIGN_STYLE = Automatic;
				CURRENT_PROJECT_VERSION = 1;
				DEVELOPMENT_TEAM = VBZ9YTGMBX;
				GENERATE_INFOPLIST_FILE = YES;
				INFOPLIST_FILE = "StatementCOVID19(Korea)/Info.plist";
				INFOPLIST_KEY_UIApplicationSupportsIndirectInputEvents = YES;
				INFOPLIST_KEY_UILaunchStoryboardName = LaunchScreen;
				INFOPLIST_KEY_UIMainStoryboardFile = Main;
				INFOPLIST_KEY_UISupportedInterfaceOrientations_iPad = "UIInterfaceOrientationPortrait UIInterfaceOrientationPortraitUpsideDown UIInterfaceOrientationLandscapeLeft UIInterfaceOrientationLandscapeRight";
				INFOPLIST_KEY_UISupportedInterfaceOrientations_iPhone = "UIInterfaceOrientationPortrait UIInterfaceOrientationLandscapeLeft UIInterfaceOrientationLandscapeRight";
				LD_RUNPATH_SEARCH_PATHS = (
					"$(inherited)",
					"@executable_path/Frameworks",
				);
				MARKETING_VERSION = 1.0;
				PRODUCT_BUNDLE_IDENTIFIER = "com.arin601.StatementCOVID19-Korea-";
				PRODUCT_NAME = "$(TARGET_NAME)";
				SWIFT_EMIT_LOC_STRINGS = YES;
				SWIFT_VERSION = 5.0;
				TARGETED_DEVICE_FAMILY = "1,2";
			};
			name = Debug;
		};
		8847451D29252E9D00C79058 /* Release */ = {
			isa = XCBuildConfiguration;
			buildSettings = {
				ASSETCATALOG_COMPILER_APPICON_NAME = AppIcon;
				ASSETCATALOG_COMPILER_GLOBAL_ACCENT_COLOR_NAME = AccentColor;
				CODE_SIGN_STYLE = Automatic;
				CURRENT_PROJECT_VERSION = 1;
				DEVELOPMENT_TEAM = VBZ9YTGMBX;
				GENERATE_INFOPLIST_FILE = YES;
				INFOPLIST_FILE = "StatementCOVID19(Korea)/Info.plist";
				INFOPLIST_KEY_UIApplicationSupportsIndirectInputEvents = YES;
				INFOPLIST_KEY_UILaunchStoryboardName = LaunchScreen;
				INFOPLIST_KEY_UIMainStoryboardFile = Main;
				INFOPLIST_KEY_UISupportedInterfaceOrientations_iPad = "UIInterfaceOrientationPortrait UIInterfaceOrientationPortraitUpsideDown UIInterfaceOrientationLandscapeLeft UIInterfaceOrientationLandscapeRight";
				INFOPLIST_KEY_UISupportedInterfaceOrientations_iPhone = "UIInterfaceOrientationPortrait UIInterfaceOrientationLandscapeLeft UIInterfaceOrientationLandscapeRight";
				LD_RUNPATH_SEARCH_PATHS = (
					"$(inherited)",
					"@executable_path/Frameworks",
				);
				MARKETING_VERSION = 1.0;
				PRODUCT_BUNDLE_IDENTIFIER = "com.arin601.StatementCOVID19-Korea-";
				PRODUCT_NAME = "$(TARGET_NAME)";
				SWIFT_EMIT_LOC_STRINGS = YES;
				SWIFT_VERSION = 5.0;
				TARGETED_DEVICE_FAMILY = "1,2";
			};
			name = Release;
		};
/* End XCBuildConfiguration section */

/* Begin XCConfigurationList section */
		8847450229252E9C00C79058 /* Build configuration list for PBXProject "StatementCOVID19(Korea)" */ = {
			isa = XCConfigurationList;
			buildConfigurations = (
				8847451929252E9D00C79058 /* Debug */,
				8847451A29252E9D00C79058 /* Release */,
			);
			defaultConfigurationIsVisible = 0;
			defaultConfigurationName = Release;
		};
		8847451B29252E9D00C79058 /* Build configuration list for PBXNativeTarget "StatementCOVID19(Korea)" */ = {
			isa = XCConfigurationList;
			buildConfigurations = (
				8847451C29252E9D00C79058 /* Debug */,
				8847451D29252E9D00C79058 /* Release */,
			);
			defaultConfigurationIsVisible = 0;
			defaultConfigurationName = Release;
		};
/* End XCConfigurationList section */

/* Begin XCRemoteSwiftPackageReference section */
		8847451E29252F7900C79058 /* XCRemoteSwiftPackageReference "Alamofire" */ = {
			isa = XCRemoteSwiftPackageReference;
			repositoryURL = "https://github.com/Alamofire/Alamofire.git";
			requirement = {
				kind = upToNextMajorVersion;
				minimumVersion = 5.6.1;
			};
		};
		8847452129252FF400C79058 /* XCRemoteSwiftPackageReference "Charts" */ = {
			isa = XCRemoteSwiftPackageReference;
			repositoryURL = "https://github.com/danielgindi/Charts.git";
			requirement = {
				kind = upToNextMajorVersion;
				minimumVersion = 3.0.0;
			};
		};
/* End XCRemoteSwiftPackageReference section */

/* Begin XCSwiftPackageProductDependency section */
		8847451F29252F7900C79058 /* Alamofire */ = {
			isa = XCSwiftPackageProductDependency;
			package = 8847451E29252F7900C79058 /* XCRemoteSwiftPackageReference "Alamofire" */;
			productName = Alamofire;
		};
		8847452229252FF400C79058 /* Charts */ = {
			isa = XCSwiftPackageProductDependency;
			package = 8847452129252FF400C79058 /* XCRemoteSwiftPackageReference "Charts" */;
			productName = Charts;
		};
/* End XCSwiftPackageProductDependency section */
	};
	rootObject = 884744FF29252E9C00C79058 /* Project object */;
}
